<?xml version="1.0" encoding="utf-8"?>
<Project ToolsVersion="4.0" xmlns="http://schemas.microsoft.com/developer/msbuild/2003">
  <ItemGroup>
    <Filter Include="Source Files">
      <UniqueIdentifier>{4FC737F1-C7A5-4376-A066-2A32D752A2FF}</UniqueIdentifier>
      <Extensions>cpp;c;cc;cxx;def;odl;idl;hpj;bat;asm;asmx</Extensions>
    </Filter>
    <Filter Include="Header Files">
      <UniqueIdentifier>{93995380-89BD-4b04-88EB-625FBE52EBFB}</UniqueIdentifier>
      <Extensions>h;hh;hpp;hxx;hm;inl;inc;xsd</Extensions>
    </Filter>
    <Filter Include="Resource Files">
      <UniqueIdentifier>{67DA6AB6-F800-4c08-8B7A-83BB121AAD01}</UniqueIdentifier>
      <Extensions>rc;ico;cur;bmp;dlg;rc2;rct;bin;rgs;gif;jpg;jpeg;jpe;resx;tiff;tif;png;wav;mfcribbon-ms</Extensions>
    </Filter>
    <Filter Include="Source Files\camera stuff">
      <UniqueIdentifier>{a86bf903-d157-47a1-b13d-73e125023de1}</UniqueIdentifier>
    </Filter>
    <Filter Include="Source Files\main application stuff">
      <UniqueIdentifier>{8a46ae2d-47e6-45e6-892f-bdc89b95db7b}</UniqueIdentifier>
    </Filter>
    <Filter Include="Source Files\OBJ handler">
      <UniqueIdentifier>{f702b480-bbcc-4c0d-b3b6-74d610d39138}</UniqueIdentifier>
    </Filter>
  </ItemGroup>
  <ItemGroup>
    <ClCompile Include="source\Main.cpp">
      <Filter>Source Files</Filter>
    </ClCompile>
    <ClCompile Include="source\Gizmos.cpp">
      <Filter>Source Files</Filter>
    </ClCompile>
    <ClCompile Include="source\Mesh.cpp">
      <Filter>Source Files</Filter>
    </ClCompile>
    <ClCompile Include="source\Camera.cpp">
      <Filter>Source Files\camera stuff</Filter>
    </ClCompile>
    <ClCompile Include="source\FlyCamera.cpp">
      <Filter>Source Files\camera stuff</Filter>
    </ClCompile>
    <ClCompile Include="source\MyWindow.cpp">
      <Filter>Source Files\main application stuff</Filter>
    </ClCompile>
    <ClCompile Include="source\application.cpp">
      <Filter>Source Files\main application stuff</Filter>
    </ClCompile>
    <ClCompile Include="source\Clock.cpp">
      <Filter>Source Files</Filter>
    </ClCompile>
    <ClCompile Include="source\glad.c">
      <Filter>Source Files\main application stuff</Filter>
    </ClCompile>
    <ClCompile Include="source\Shader.cpp">
      <Filter>Source Files</Filter>
    </ClCompile>
    <ClCompile Include="source\OBJMesh.cpp">
      <Filter>Source Files\OBJ handler</Filter>
    </ClCompile>
    <ClCompile Include="source\Texture.cpp">
      <Filter>Source Files</Filter>
    </ClCompile>
    <ClCompile Include="source\Input.cpp">
      <Filter>Source Files</Filter>
    </ClCompile>
  </ItemGroup>
  <ItemGroup>
    <ClInclude Include="source\Mesh.h">
      <Filter>Source Files</Filter>
    </ClInclude>
    <ClInclude Include="source\Camera.h">
      <Filter>Source Files\camera stuff</Filter>
    </ClInclude>
    <ClInclude Include="source\FlyCamera.h">
      <Filter>Source Files\camera stuff</Filter>
    </ClInclude>
    <ClInclude Include="source\MyWindow.h">
      <Filter>Source Files\main application stuff</Filter>
    </ClInclude>
    <ClInclude Include="source\application.h">
      <Filter>Source Files\main application stuff</Filter>
    </ClInclude>
    <ClInclude Include="source\Clock.h">
      <Filter>Source Files</Filter>
    </ClInclude>
    <ClInclude Include="source\Shader.h">
      <Filter>Source Files</Filter>
    </ClInclude>
    <ClInclude Include="source\OBJMesh.h">
      <Filter>Source Files\OBJ handler</Filter>
    </ClInclude>
    <ClInclude Include="source\tiny_obj_loader.h">
      <Filter>Source Files\OBJ handler</Filter>
    </ClInclude>
    <ClInclude Include="source\Texture.h">
      <Filter>Source Files</Filter>
    </ClInclude>
    <ClInclude Include="source\Input.h">
      <Filter>Source Files</Filter>
    </ClInclude>
  </ItemGroup>
</Project>